
Microsoft Visual Studio Solution File, Format Version 11.00
# Visual Studio 2010
Project("{8BC9CEB8-8B4A-11D0-8D11-00A0C91BC942}") = "hw06_01", "hw06_01\hw06_01.vcxproj", "{9E196D47-4FEE-4828-83FD-ED31A020D17A}"
EndProject
Global
	GlobalSection(SolutionConfigurationPlatforms) = preSolution
		Debug|Win32 = Debug|Win32
		Release|Win32 = Release|Win32
	EndGlobalSection
	GlobalSection(ProjectConfigurationPlatforms) = postSolution
		{9E196D47-4FEE-4828-83FD-ED31A020D17A}.Debug|Win32.ActiveCfg = Debug|Win32
		{9E196D47-4FEE-4828-83FD-ED31A020D17A}.Debug|Win32.Build.0 = Debug|Win32
		{9E196D47-4FEE-4828-83FD-ED31A020D17A}.Release|Win32.ActiveCfg = Release|Win32
		{9E196D47-4FEE-4828-83FD-ED31A020D17A}.Release|Win32.Build.0 = Release|Win32
	EndGlobalSection
	GlobalSection(SolutionProperties) = preSolution
		HideSolutionNode = FALSE
	EndGlobalSection
EndGlobal
