
Microsoft Visual Studio Solution File, Format Version 11.00
# Visual Studio 2010
Project("{8BC9CEB8-8B4A-11D0-8D11-00A0C91BC942}") = "hw07_01", "hw07_01\hw07_01.vcxproj", "{C3C443AB-4DEE-4A82-A899-3CC2D68AA31F}"
EndProject
Project("{8BC9CEB8-8B4A-11D0-8D11-00A0C91BC942}") = "hw07_02", "hw07_02\hw07_02.vcxproj", "{C4F58CD9-0277-427A-B3EB-7C0814A6C41F}"
EndProject
Global
	GlobalSection(SolutionConfigurationPlatforms) = preSolution
		Debug|Win32 = Debug|Win32
		Release|Win32 = Release|Win32
	EndGlobalSection
	GlobalSection(ProjectConfigurationPlatforms) = postSolution
		{C3C443AB-4DEE-4A82-A899-3CC2D68AA31F}.Debug|Win32.ActiveCfg = Debug|Win32
		{C3C443AB-4DEE-4A82-A899-3CC2D68AA31F}.Debug|Win32.Build.0 = Debug|Win32
		{C3C443AB-4DEE-4A82-A899-3CC2D68AA31F}.Release|Win32.ActiveCfg = Release|Win32
		{C3C443AB-4DEE-4A82-A899-3CC2D68AA31F}.Release|Win32.Build.0 = Release|Win32
		{C4F58CD9-0277-427A-B3EB-7C0814A6C41F}.Debug|Win32.ActiveCfg = Debug|Win32
		{C4F58CD9-0277-427A-B3EB-7C0814A6C41F}.Debug|Win32.Build.0 = Debug|Win32
		{C4F58CD9-0277-427A-B3EB-7C0814A6C41F}.Release|Win32.ActiveCfg = Release|Win32
		{C4F58CD9-0277-427A-B3EB-7C0814A6C41F}.Release|Win32.Build.0 = Release|Win32
	EndGlobalSection
	GlobalSection(SolutionProperties) = preSolution
		HideSolutionNode = FALSE
	EndGlobalSection
EndGlobal
