
Microsoft Visual Studio Solution File, Format Version 11.00
# Visual C++ Express 2010
Project("{8BC9CEB8-8B4A-11D0-8D11-00A0C91BC942}") = "lab02_01", "lab02_01\lab02_01.vcxproj", "{78350EC8-773F-4873-9B4D-7E94F16BCFC7}"
EndProject
Project("{8BC9CEB8-8B4A-11D0-8D11-00A0C91BC942}") = "lab02_02", "lab02_02\lab02_02.vcxproj", "{A74F86C4-79D3-49AD-9223-9A7DE1B2FE37}"
EndProject
Project("{8BC9CEB8-8B4A-11D0-8D11-00A0C91BC942}") = "lab02_03", "lab02_03\lab02_03.vcxproj", "{A352866D-E795-4ED1-8570-02330D2748F3}"
EndProject
Project("{8BC9CEB8-8B4A-11D0-8D11-00A0C91BC942}") = "lab02_04", "lab02_04\lab02_04.vcxproj", "{3470D6C6-C25C-4EC3-A97B-8F70A980C725}"
EndProject
Project("{8BC9CEB8-8B4A-11D0-8D11-00A0C91BC942}") = "lab02_05", "lab02_05\lab02_05.vcxproj", "{BF8A5C0B-642F-4BD0-960F-CA423A64A9F4}"
EndProject
Project("{8BC9CEB8-8B4A-11D0-8D11-00A0C91BC942}") = "lab02_06", "lab02_06\lab02_06.vcxproj", "{6A522CCE-7A2D-46F2-B008-02232E737DE3}"
EndProject
Global
	GlobalSection(SolutionConfigurationPlatforms) = preSolution
		Debug|Win32 = Debug|Win32
		Release|Win32 = Release|Win32
	EndGlobalSection
	GlobalSection(ProjectConfigurationPlatforms) = postSolution
		{78350EC8-773F-4873-9B4D-7E94F16BCFC7}.Debug|Win32.ActiveCfg = Debug|Win32
		{78350EC8-773F-4873-9B4D-7E94F16BCFC7}.Debug|Win32.Build.0 = Debug|Win32
		{78350EC8-773F-4873-9B4D-7E94F16BCFC7}.Release|Win32.ActiveCfg = Release|Win32
		{78350EC8-773F-4873-9B4D-7E94F16BCFC7}.Release|Win32.Build.0 = Release|Win32
		{A74F86C4-79D3-49AD-9223-9A7DE1B2FE37}.Debug|Win32.ActiveCfg = Debug|Win32
		{A74F86C4-79D3-49AD-9223-9A7DE1B2FE37}.Debug|Win32.Build.0 = Debug|Win32
		{A74F86C4-79D3-49AD-9223-9A7DE1B2FE37}.Release|Win32.ActiveCfg = Release|Win32
		{A74F86C4-79D3-49AD-9223-9A7DE1B2FE37}.Release|Win32.Build.0 = Release|Win32
		{A352866D-E795-4ED1-8570-02330D2748F3}.Debug|Win32.ActiveCfg = Debug|Win32
		{A352866D-E795-4ED1-8570-02330D2748F3}.Debug|Win32.Build.0 = Debug|Win32
		{A352866D-E795-4ED1-8570-02330D2748F3}.Release|Win32.ActiveCfg = Release|Win32
		{A352866D-E795-4ED1-8570-02330D2748F3}.Release|Win32.Build.0 = Release|Win32
		{3470D6C6-C25C-4EC3-A97B-8F70A980C725}.Debug|Win32.ActiveCfg = Debug|Win32
		{3470D6C6-C25C-4EC3-A97B-8F70A980C725}.Debug|Win32.Build.0 = Debug|Win32
		{3470D6C6-C25C-4EC3-A97B-8F70A980C725}.Release|Win32.ActiveCfg = Release|Win32
		{3470D6C6-C25C-4EC3-A97B-8F70A980C725}.Release|Win32.Build.0 = Release|Win32
		{BF8A5C0B-642F-4BD0-960F-CA423A64A9F4}.Debug|Win32.ActiveCfg = Debug|Win32
		{BF8A5C0B-642F-4BD0-960F-CA423A64A9F4}.Debug|Win32.Build.0 = Debug|Win32
		{BF8A5C0B-642F-4BD0-960F-CA423A64A9F4}.Release|Win32.ActiveCfg = Release|Win32
		{BF8A5C0B-642F-4BD0-960F-CA423A64A9F4}.Release|Win32.Build.0 = Release|Win32
		{6A522CCE-7A2D-46F2-B008-02232E737DE3}.Debug|Win32.ActiveCfg = Debug|Win32
		{6A522CCE-7A2D-46F2-B008-02232E737DE3}.Debug|Win32.Build.0 = Debug|Win32
		{6A522CCE-7A2D-46F2-B008-02232E737DE3}.Release|Win32.ActiveCfg = Release|Win32
		{6A522CCE-7A2D-46F2-B008-02232E737DE3}.Release|Win32.Build.0 = Release|Win32
	EndGlobalSection
	GlobalSection(SolutionProperties) = preSolution
		HideSolutionNode = FALSE
	EndGlobalSection
EndGlobal
