
Microsoft Visual Studio Solution File, Format Version 11.00
# Visual C++ Express 2010
Project("{8BC9CEB8-8B4A-11D0-8D11-00A0C91BC942}") = "hw01_01", "hw01_01\hw01_01.vcxproj", "{3F3D9A21-142B-4F66-9387-86288D6A5CF4}"
EndProject
Global
	GlobalSection(SolutionConfigurationPlatforms) = preSolution
		Debug|Win32 = Debug|Win32
		Release|Win32 = Release|Win32
	EndGlobalSection
	GlobalSection(ProjectConfigurationPlatforms) = postSolution
		{3F3D9A21-142B-4F66-9387-86288D6A5CF4}.Debug|Win32.ActiveCfg = Debug|Win32
		{3F3D9A21-142B-4F66-9387-86288D6A5CF4}.Debug|Win32.Build.0 = Debug|Win32
		{3F3D9A21-142B-4F66-9387-86288D6A5CF4}.Release|Win32.ActiveCfg = Release|Win32
		{3F3D9A21-142B-4F66-9387-86288D6A5CF4}.Release|Win32.Build.0 = Release|Win32
	EndGlobalSection
	GlobalSection(SolutionProperties) = preSolution
		HideSolutionNode = FALSE
	EndGlobalSection
EndGlobal
